
Microsoft Visual Studio Solution File, Format Version 12.00
# Visual Studio 14
VisualStudioVersion = 14.0.23107.0
MinimumVisualStudioVersion = 10.0.40219.1
Project("{FAE04EC0-301F-11D3-BF4B-00C04F79EFBC}") = "NetScalerCookieDecrypter", "NetScalerCookieDecrypter\NetScalerCookieDecrypter.csproj", "{4A196FDC-D603-44B2-8472-7C30006400EB}"
EndProject
Project("{FAE04EC0-301F-11D3-BF4B-00C04F79EFBC}") = "Console.DecryptNetScalerCookie", "Console.DecryptNetScalerCookie\Console.DecryptNetScalerCookie.csproj", "{E2A97E48-7C26-4FAD-8FFB-910CA6317D4D}"
EndProject
Project("{FAE04EC0-301F-11D3-BF4B-00C04F79EFBC}") = "Ext.Fiddler4.NetScalerInspector", "Ext.Fiddler4.NetScalerInspector\Ext.Fiddler4.NetScalerInspector.csproj", "{66C3D4B0-84AA-4072-856E-FF9B417E79B0}"
EndProject
Project("{FAE04EC0-301F-11D3-BF4B-00C04F79EFBC}") = "Ext.Fiddler4.NetScalerMenu", "Ext.Fiddler4.NetScalerMenu\Ext.Fiddler4.NetScalerMenu.csproj", "{22A9CB2E-4C80-4A89-B473-493A8818C03B}"
EndProject
Project("{2150E333-8FDC-42A3-9474-1A3956D46DE8}") = "Ext.Fiddler4", "Ext.Fiddler4", "{0127BB96-72C0-4B20-9040-6F6CD5C6DE30}"
EndProject
Project("{2150E333-8FDC-42A3-9474-1A3956D46DE8}") = "Ext.Fiddler2", "Ext.Fiddler2", "{DC7DB89D-9A0B-4EFE-9AD8-87C1F84FB55E}"
EndProject
Project("{FAE04EC0-301F-11D3-BF4B-00C04F79EFBC}") = "Ext.Fiddler2.NetScalerInspector", "Ext.Fiddler2.NetScalerInspector\Ext.Fiddler2.NetScalerInspector.csproj", "{1644DD52-6004-4D71-8439-0440D3862CC7}"
EndProject
Project("{FAE04EC0-301F-11D3-BF4B-00C04F79EFBC}") = "Ext.Fiddler2.NetScalerMenu", "Ext.Fiddler2.NetScalerMenu\Ext.Fiddler2.NetScalerMenu.csproj", "{FEB97410-A159-4F41-81D1-A78869440C44}"
EndProject
Project("{FAE04EC0-301F-11D3-BF4B-00C04F79EFBC}") = "Web.DecryptNetScalerCookie", "Web.DecryptNetScalerCookie\Web.DecryptNetScalerCookie.csproj", "{4F3E8118-AEBD-44DF-B17C-CD7828B3CC01}"
EndProject
Global
	GlobalSection(SolutionConfigurationPlatforms) = preSolution
		Debug|Any CPU = Debug|Any CPU
		Release|Any CPU = Release|Any CPU
	EndGlobalSection
	GlobalSection(ProjectConfigurationPlatforms) = postSolution
		{4A196FDC-D603-44B2-8472-7C30006400EB}.Debug|Any CPU.ActiveCfg = Debug|Any CPU
		{4A196FDC-D603-44B2-8472-7C30006400EB}.Debug|Any CPU.Build.0 = Debug|Any CPU
		{4A196FDC-D603-44B2-8472-7C30006400EB}.Release|Any CPU.ActiveCfg = Release|Any CPU
		{4A196FDC-D603-44B2-8472-7C30006400EB}.Release|Any CPU.Build.0 = Release|Any CPU
		{E2A97E48-7C26-4FAD-8FFB-910CA6317D4D}.Debug|Any CPU.ActiveCfg = Debug|Any CPU
		{E2A97E48-7C26-4FAD-8FFB-910CA6317D4D}.Debug|Any CPU.Build.0 = Debug|Any CPU
		{E2A97E48-7C26-4FAD-8FFB-910CA6317D4D}.Release|Any CPU.ActiveCfg = Release|Any CPU
		{E2A97E48-7C26-4FAD-8FFB-910CA6317D4D}.Release|Any CPU.Build.0 = Release|Any CPU
		{66C3D4B0-84AA-4072-856E-FF9B417E79B0}.Debug|Any CPU.ActiveCfg = Debug|Any CPU
		{66C3D4B0-84AA-4072-856E-FF9B417E79B0}.Debug|Any CPU.Build.0 = Debug|Any CPU
		{66C3D4B0-84AA-4072-856E-FF9B417E79B0}.Release|Any CPU.ActiveCfg = Release|Any CPU
		{66C3D4B0-84AA-4072-856E-FF9B417E79B0}.Release|Any CPU.Build.0 = Release|Any CPU
		{22A9CB2E-4C80-4A89-B473-493A8818C03B}.Debug|Any CPU.ActiveCfg = Debug|Any CPU
		{22A9CB2E-4C80-4A89-B473-493A8818C03B}.Debug|Any CPU.Build.0 = Debug|Any CPU
		{22A9CB2E-4C80-4A89-B473-493A8818C03B}.Release|Any CPU.ActiveCfg = Release|Any CPU
		{22A9CB2E-4C80-4A89-B473-493A8818C03B}.Release|Any CPU.Build.0 = Release|Any CPU
		{1644DD52-6004-4D71-8439-0440D3862CC7}.Debug|Any CPU.ActiveCfg = Debug|Any CPU
		{1644DD52-6004-4D71-8439-0440D3862CC7}.Debug|Any CPU.Build.0 = Debug|Any CPU
		{1644DD52-6004-4D71-8439-0440D3862CC7}.Release|Any CPU.ActiveCfg = Release|Any CPU
		{1644DD52-6004-4D71-8439-0440D3862CC7}.Release|Any CPU.Build.0 = Release|Any CPU
		{FEB97410-A159-4F41-81D1-A78869440C44}.Debug|Any CPU.ActiveCfg = Debug|Any CPU
		{FEB97410-A159-4F41-81D1-A78869440C44}.Debug|Any CPU.Build.0 = Debug|Any CPU
		{FEB97410-A159-4F41-81D1-A78869440C44}.Release|Any CPU.ActiveCfg = Release|Any CPU
		{FEB97410-A159-4F41-81D1-A78869440C44}.Release|Any CPU.Build.0 = Release|Any CPU
		{4F3E8118-AEBD-44DF-B17C-CD7828B3CC01}.Debug|Any CPU.ActiveCfg = Debug|Any CPU
		{4F3E8118-AEBD-44DF-B17C-CD7828B3CC01}.Debug|Any CPU.Build.0 = Debug|Any CPU
		{4F3E8118-AEBD-44DF-B17C-CD7828B3CC01}.Release|Any CPU.ActiveCfg = Release|Any CPU
		{4F3E8118-AEBD-44DF-B17C-CD7828B3CC01}.Release|Any CPU.Build.0 = Release|Any CPU
	EndGlobalSection
	GlobalSection(SolutionProperties) = preSolution
		HideSolutionNode = FALSE
	EndGlobalSection
	GlobalSection(NestedProjects) = preSolution
		{66C3D4B0-84AA-4072-856E-FF9B417E79B0} = {0127BB96-72C0-4B20-9040-6F6CD5C6DE30}
		{22A9CB2E-4C80-4A89-B473-493A8818C03B} = {0127BB96-72C0-4B20-9040-6F6CD5C6DE30}
		{1644DD52-6004-4D71-8439-0440D3862CC7} = {DC7DB89D-9A0B-4EFE-9AD8-87C1F84FB55E}
		{FEB97410-A159-4F41-81D1-A78869440C44} = {DC7DB89D-9A0B-4EFE-9AD8-87C1F84FB55E}
	EndGlobalSection
EndGlobal
